
Microsoft Visual Studio Solution File, Format Version 12.00
# Visual Studio Version 16
VisualStudioVersion = 16.0.31829.152
MinimumVisualStudioVersion = 10.0.40219.1
Project("{FAE04EC0-301F-11D3-BF4B-00C04F79EFBC}") = "task01", "task01\task01.csproj", "{74617AD2-5C8C-4E1A-9A7E-DB5EC058948A}"
EndProject
Global
	GlobalSection(SolutionConfigurationPlatforms) = preSolution
		Debug|Any CPU = Debug|Any CPU
		Release|Any CPU = Release|Any CPU
	EndGlobalSection
	GlobalSection(ProjectConfigurationPlatforms) = postSolution
		{74617AD2-5C8C-4E1A-9A7E-DB5EC058948A}.Debug|Any CPU.ActiveCfg = Debug|Any CPU
		{74617AD2-5C8C-4E1A-9A7E-DB5EC058948A}.Debug|Any CPU.Build.0 = Debug|Any CPU
		{74617AD2-5C8C-4E1A-9A7E-DB5EC058948A}.Release|Any CPU.ActiveCfg = Release|Any CPU
		{74617AD2-5C8C-4E1A-9A7E-DB5EC058948A}.Release|Any CPU.Build.0 = Release|Any CPU
	EndGlobalSection
	GlobalSection(SolutionProperties) = preSolution
		HideSolutionNode = FALSE
	EndGlobalSection
	GlobalSection(ExtensibilityGlobals) = postSolution
		SolutionGuid = {9BCF966F-4EEB-4636-BE8D-841B1D265A60}
	EndGlobalSection
EndGlobal
