
Microsoft Visual Studio Solution File, Format Version 12.00
# Visual Studio Version 16
VisualStudioVersion = 16.0.31829.152
MinimumVisualStudioVersion = 10.0.40219.1
Project("{FAE04EC0-301F-11D3-BF4B-00C04F79EFBC}") = "Task01", "Task01\Task01.csproj", "{FDC78A21-939B-4B8E-B4A9-D116F6DFA583}"
EndProject
Global
	GlobalSection(SolutionConfigurationPlatforms) = preSolution
		Debug|Any CPU = Debug|Any CPU
		Release|Any CPU = Release|Any CPU
	EndGlobalSection
	GlobalSection(ProjectConfigurationPlatforms) = postSolution
		{FDC78A21-939B-4B8E-B4A9-D116F6DFA583}.Debug|Any CPU.ActiveCfg = Debug|Any CPU
		{FDC78A21-939B-4B8E-B4A9-D116F6DFA583}.Debug|Any CPU.Build.0 = Debug|Any CPU
		{FDC78A21-939B-4B8E-B4A9-D116F6DFA583}.Release|Any CPU.ActiveCfg = Release|Any CPU
		{FDC78A21-939B-4B8E-B4A9-D116F6DFA583}.Release|Any CPU.Build.0 = Release|Any CPU
	EndGlobalSection
	GlobalSection(SolutionProperties) = preSolution
		HideSolutionNode = FALSE
	EndGlobalSection
	GlobalSection(ExtensibilityGlobals) = postSolution
		SolutionGuid = {661E76F9-1734-4C56-A762-30A04715C88E}
	EndGlobalSection
EndGlobal
