
Microsoft Visual Studio Solution File, Format Version 12.00
# Visual Studio Version 16
VisualStudioVersion = 16.0.31829.152
MinimumVisualStudioVersion = 10.0.40219.1
Project("{FAE04EC0-301F-11D3-BF4B-00C04F79EFBC}") = "Task01", "Task01\Task01.csproj", "{17936DB8-5986-4234-9B92-EBAE95CDF134}"
EndProject
Global
	GlobalSection(SolutionConfigurationPlatforms) = preSolution
		Debug|Any CPU = Debug|Any CPU
		Release|Any CPU = Release|Any CPU
	EndGlobalSection
	GlobalSection(ProjectConfigurationPlatforms) = postSolution
		{17936DB8-5986-4234-9B92-EBAE95CDF134}.Debug|Any CPU.ActiveCfg = Debug|Any CPU
		{17936DB8-5986-4234-9B92-EBAE95CDF134}.Debug|Any CPU.Build.0 = Debug|Any CPU
		{17936DB8-5986-4234-9B92-EBAE95CDF134}.Release|Any CPU.ActiveCfg = Release|Any CPU
		{17936DB8-5986-4234-9B92-EBAE95CDF134}.Release|Any CPU.Build.0 = Release|Any CPU
	EndGlobalSection
	GlobalSection(SolutionProperties) = preSolution
		HideSolutionNode = FALSE
	EndGlobalSection
	GlobalSection(ExtensibilityGlobals) = postSolution
		SolutionGuid = {5897ED5E-2A64-458A-AB45-72C98538A484}
	EndGlobalSection
EndGlobal
