
Microsoft Visual Studio Solution File, Format Version 12.00
# Visual Studio Version 16
VisualStudioVersion = 16.0.31624.102
MinimumVisualStudioVersion = 10.0.40219.1
Project("{FAE04EC0-301F-11D3-BF4B-00C04F79EFBC}") = "task01", "task01\task01.csproj", "{960A6960-BBA9-4550-B662-771BA929252B}"
EndProject
Global
	GlobalSection(SolutionConfigurationPlatforms) = preSolution
		Debug|Any CPU = Debug|Any CPU
		Release|Any CPU = Release|Any CPU
	EndGlobalSection
	GlobalSection(ProjectConfigurationPlatforms) = postSolution
		{960A6960-BBA9-4550-B662-771BA929252B}.Debug|Any CPU.ActiveCfg = Debug|Any CPU
		{960A6960-BBA9-4550-B662-771BA929252B}.Debug|Any CPU.Build.0 = Debug|Any CPU
		{960A6960-BBA9-4550-B662-771BA929252B}.Release|Any CPU.ActiveCfg = Release|Any CPU
		{960A6960-BBA9-4550-B662-771BA929252B}.Release|Any CPU.Build.0 = Release|Any CPU
	EndGlobalSection
	GlobalSection(SolutionProperties) = preSolution
		HideSolutionNode = FALSE
	EndGlobalSection
	GlobalSection(ExtensibilityGlobals) = postSolution
		SolutionGuid = {3BB1E95F-95C0-4892-BD08-E329A91617E5}
	EndGlobalSection
EndGlobal
