
Microsoft Visual Studio Solution File, Format Version 12.00
# Visual Studio Version 16
VisualStudioVersion = 16.0.31829.152
MinimumVisualStudioVersion = 10.0.40219.1
Project("{FAE04EC0-301F-11D3-BF4B-00C04F79EFBC}") = "Task08", "Task08\Task08.csproj", "{C85252CB-77F2-481C-AE86-BC2B19D63C1C}"
EndProject
Global
	GlobalSection(SolutionConfigurationPlatforms) = preSolution
		Debug|Any CPU = Debug|Any CPU
		Release|Any CPU = Release|Any CPU
	EndGlobalSection
	GlobalSection(ProjectConfigurationPlatforms) = postSolution
		{C85252CB-77F2-481C-AE86-BC2B19D63C1C}.Debug|Any CPU.ActiveCfg = Debug|Any CPU
		{C85252CB-77F2-481C-AE86-BC2B19D63C1C}.Debug|Any CPU.Build.0 = Debug|Any CPU
		{C85252CB-77F2-481C-AE86-BC2B19D63C1C}.Release|Any CPU.ActiveCfg = Release|Any CPU
		{C85252CB-77F2-481C-AE86-BC2B19D63C1C}.Release|Any CPU.Build.0 = Release|Any CPU
	EndGlobalSection
	GlobalSection(SolutionProperties) = preSolution
		HideSolutionNode = FALSE
	EndGlobalSection
	GlobalSection(ExtensibilityGlobals) = postSolution
		SolutionGuid = {ABB06C9D-C201-4947-8649-865143A7242A}
	EndGlobalSection
EndGlobal
