
Microsoft Visual Studio Solution File, Format Version 12.00
# Visual Studio Version 16
VisualStudioVersion = 16.0.31829.152
MinimumVisualStudioVersion = 10.0.40219.1
Project("{FAE04EC0-301F-11D3-BF4B-00C04F79EFBC}") = "CW_25.02", "CW_25.02\CW_25.02.csproj", "{6E8C8420-1BEA-4DEF-AC92-2481C57046CD}"
EndProject
Global
	GlobalSection(SolutionConfigurationPlatforms) = preSolution
		Debug|Any CPU = Debug|Any CPU
		Release|Any CPU = Release|Any CPU
	EndGlobalSection
	GlobalSection(ProjectConfigurationPlatforms) = postSolution
		{6E8C8420-1BEA-4DEF-AC92-2481C57046CD}.Debug|Any CPU.ActiveCfg = Debug|Any CPU
		{6E8C8420-1BEA-4DEF-AC92-2481C57046CD}.Debug|Any CPU.Build.0 = Debug|Any CPU
		{6E8C8420-1BEA-4DEF-AC92-2481C57046CD}.Release|Any CPU.ActiveCfg = Release|Any CPU
		{6E8C8420-1BEA-4DEF-AC92-2481C57046CD}.Release|Any CPU.Build.0 = Release|Any CPU
	EndGlobalSection
	GlobalSection(SolutionProperties) = preSolution
		HideSolutionNode = FALSE
	EndGlobalSection
	GlobalSection(ExtensibilityGlobals) = postSolution
		SolutionGuid = {F41A32B1-D797-4CCF-86F6-24DABEAE2F3F}
	EndGlobalSection
EndGlobal
