
Microsoft Visual Studio Solution File, Format Version 12.00
# Visual Studio Version 16
VisualStudioVersion = 16.0.31624.102
MinimumVisualStudioVersion = 10.0.40219.1
Project("{9A19103F-16F7-4668-BE54-9A1E7A4F7556}") = "Task01", "Task01\Task01.csproj", "{FA54EBEA-F62C-4C77-928F-92697ADD538A}"
EndProject
Project("{9A19103F-16F7-4668-BE54-9A1E7A4F7556}") = "Task02", "Task02\Task02.csproj", "{D5F65E94-EF69-4D8F-AC12-E3C07EFAFD36}"
EndProject
Project("{9A19103F-16F7-4668-BE54-9A1E7A4F7556}") = "Task03", "Task03\Task03.csproj", "{F4266603-B021-4DF0-B62A-E5F848BC9833}"
EndProject
Project("{FAE04EC0-301F-11D3-BF4B-00C04F79EFBC}") = "Task04", "Task04\Task04.csproj", "{D28C5CFC-EED1-452F-B177-2F86AF4EDB43}"
EndProject
Project("{FAE04EC0-301F-11D3-BF4B-00C04F79EFBC}") = "Task05", "Task05\Task05.csproj", "{C2C50229-664C-4BEF-8293-14E32F73C660}"
EndProject
Project("{FAE04EC0-301F-11D3-BF4B-00C04F79EFBC}") = "Task06", "Task06\Task06.csproj", "{D09A1A3F-BA5E-4A1D-9551-0FC1BDF41FA4}"
EndProject
Global
	GlobalSection(SolutionConfigurationPlatforms) = preSolution
		Debug|Any CPU = Debug|Any CPU
		Release|Any CPU = Release|Any CPU
	EndGlobalSection
	GlobalSection(ProjectConfigurationPlatforms) = postSolution
		{FA54EBEA-F62C-4C77-928F-92697ADD538A}.Debug|Any CPU.ActiveCfg = Debug|Any CPU
		{FA54EBEA-F62C-4C77-928F-92697ADD538A}.Debug|Any CPU.Build.0 = Debug|Any CPU
		{FA54EBEA-F62C-4C77-928F-92697ADD538A}.Release|Any CPU.ActiveCfg = Release|Any CPU
		{FA54EBEA-F62C-4C77-928F-92697ADD538A}.Release|Any CPU.Build.0 = Release|Any CPU
		{D5F65E94-EF69-4D8F-AC12-E3C07EFAFD36}.Debug|Any CPU.ActiveCfg = Debug|Any CPU
		{D5F65E94-EF69-4D8F-AC12-E3C07EFAFD36}.Debug|Any CPU.Build.0 = Debug|Any CPU
		{D5F65E94-EF69-4D8F-AC12-E3C07EFAFD36}.Release|Any CPU.ActiveCfg = Release|Any CPU
		{D5F65E94-EF69-4D8F-AC12-E3C07EFAFD36}.Release|Any CPU.Build.0 = Release|Any CPU
		{F4266603-B021-4DF0-B62A-E5F848BC9833}.Debug|Any CPU.ActiveCfg = Debug|Any CPU
		{F4266603-B021-4DF0-B62A-E5F848BC9833}.Debug|Any CPU.Build.0 = Debug|Any CPU
		{F4266603-B021-4DF0-B62A-E5F848BC9833}.Release|Any CPU.ActiveCfg = Release|Any CPU
		{F4266603-B021-4DF0-B62A-E5F848BC9833}.Release|Any CPU.Build.0 = Release|Any CPU
		{D28C5CFC-EED1-452F-B177-2F86AF4EDB43}.Debug|Any CPU.ActiveCfg = Debug|Any CPU
		{D28C5CFC-EED1-452F-B177-2F86AF4EDB43}.Debug|Any CPU.Build.0 = Debug|Any CPU
		{D28C5CFC-EED1-452F-B177-2F86AF4EDB43}.Release|Any CPU.ActiveCfg = Release|Any CPU
		{D28C5CFC-EED1-452F-B177-2F86AF4EDB43}.Release|Any CPU.Build.0 = Release|Any CPU
		{C2C50229-664C-4BEF-8293-14E32F73C660}.Debug|Any CPU.ActiveCfg = Debug|Any CPU
		{C2C50229-664C-4BEF-8293-14E32F73C660}.Debug|Any CPU.Build.0 = Debug|Any CPU
		{C2C50229-664C-4BEF-8293-14E32F73C660}.Release|Any CPU.ActiveCfg = Release|Any CPU
		{C2C50229-664C-4BEF-8293-14E32F73C660}.Release|Any CPU.Build.0 = Release|Any CPU
		{D09A1A3F-BA5E-4A1D-9551-0FC1BDF41FA4}.Debug|Any CPU.ActiveCfg = Debug|Any CPU
		{D09A1A3F-BA5E-4A1D-9551-0FC1BDF41FA4}.Debug|Any CPU.Build.0 = Debug|Any CPU
		{D09A1A3F-BA5E-4A1D-9551-0FC1BDF41FA4}.Release|Any CPU.ActiveCfg = Release|Any CPU
		{D09A1A3F-BA5E-4A1D-9551-0FC1BDF41FA4}.Release|Any CPU.Build.0 = Release|Any CPU
	EndGlobalSection
	GlobalSection(SolutionProperties) = preSolution
		HideSolutionNode = FALSE
	EndGlobalSection
	GlobalSection(ExtensibilityGlobals) = postSolution
		SolutionGuid = {4124D54A-EEFB-4580-99F5-BB4A04153A05}
	EndGlobalSection
EndGlobal
