
Microsoft Visual Studio Solution File, Format Version 12.00
# Visual Studio Version 16
VisualStudioVersion = 16.0.31624.102
MinimumVisualStudioVersion = 10.0.40219.1
Project("{9A19103F-16F7-4668-BE54-9A1E7A4F7556}") = "Task01", "Task01\Task01.csproj", "{601031EA-2B46-4C7B-933A-4E4CDC83171E}"
EndProject
Project("{9A19103F-16F7-4668-BE54-9A1E7A4F7556}") = "Task02", "Task02\Task02.csproj", "{F4574880-CABF-4431-9F5B-C7C1D9342834}"
EndProject
Project("{9A19103F-16F7-4668-BE54-9A1E7A4F7556}") = "Task03", "Task03\Task03.csproj", "{4386B4B5-0C64-4EB4-A189-517D7EA2AD2D}"
EndProject
Project("{9A19103F-16F7-4668-BE54-9A1E7A4F7556}") = "Task04", "Task04\Task04.csproj", "{BADE8A14-2780-4538-A981-1FDAA553A6D5}"
EndProject
Project("{FAE04EC0-301F-11D3-BF4B-00C04F79EFBC}") = "Task05", "Task05\Task05.csproj", "{194A2E99-CB3B-4621-BD9E-BD57A3B81DA1}"
EndProject
Global
	GlobalSection(SolutionConfigurationPlatforms) = preSolution
		Debug|Any CPU = Debug|Any CPU
		Release|Any CPU = Release|Any CPU
	EndGlobalSection
	GlobalSection(ProjectConfigurationPlatforms) = postSolution
		{601031EA-2B46-4C7B-933A-4E4CDC83171E}.Debug|Any CPU.ActiveCfg = Debug|Any CPU
		{601031EA-2B46-4C7B-933A-4E4CDC83171E}.Debug|Any CPU.Build.0 = Debug|Any CPU
		{601031EA-2B46-4C7B-933A-4E4CDC83171E}.Release|Any CPU.ActiveCfg = Release|Any CPU
		{601031EA-2B46-4C7B-933A-4E4CDC83171E}.Release|Any CPU.Build.0 = Release|Any CPU
		{F4574880-CABF-4431-9F5B-C7C1D9342834}.Debug|Any CPU.ActiveCfg = Debug|Any CPU
		{F4574880-CABF-4431-9F5B-C7C1D9342834}.Debug|Any CPU.Build.0 = Debug|Any CPU
		{F4574880-CABF-4431-9F5B-C7C1D9342834}.Release|Any CPU.ActiveCfg = Release|Any CPU
		{F4574880-CABF-4431-9F5B-C7C1D9342834}.Release|Any CPU.Build.0 = Release|Any CPU
		{4386B4B5-0C64-4EB4-A189-517D7EA2AD2D}.Debug|Any CPU.ActiveCfg = Debug|Any CPU
		{4386B4B5-0C64-4EB4-A189-517D7EA2AD2D}.Debug|Any CPU.Build.0 = Debug|Any CPU
		{4386B4B5-0C64-4EB4-A189-517D7EA2AD2D}.Release|Any CPU.ActiveCfg = Release|Any CPU
		{4386B4B5-0C64-4EB4-A189-517D7EA2AD2D}.Release|Any CPU.Build.0 = Release|Any CPU
		{BADE8A14-2780-4538-A981-1FDAA553A6D5}.Debug|Any CPU.ActiveCfg = Debug|Any CPU
		{BADE8A14-2780-4538-A981-1FDAA553A6D5}.Debug|Any CPU.Build.0 = Debug|Any CPU
		{BADE8A14-2780-4538-A981-1FDAA553A6D5}.Release|Any CPU.ActiveCfg = Release|Any CPU
		{BADE8A14-2780-4538-A981-1FDAA553A6D5}.Release|Any CPU.Build.0 = Release|Any CPU
		{194A2E99-CB3B-4621-BD9E-BD57A3B81DA1}.Debug|Any CPU.ActiveCfg = Debug|Any CPU
		{194A2E99-CB3B-4621-BD9E-BD57A3B81DA1}.Debug|Any CPU.Build.0 = Debug|Any CPU
		{194A2E99-CB3B-4621-BD9E-BD57A3B81DA1}.Release|Any CPU.ActiveCfg = Release|Any CPU
		{194A2E99-CB3B-4621-BD9E-BD57A3B81DA1}.Release|Any CPU.Build.0 = Release|Any CPU
	EndGlobalSection
	GlobalSection(SolutionProperties) = preSolution
		HideSolutionNode = FALSE
	EndGlobalSection
	GlobalSection(ExtensibilityGlobals) = postSolution
		SolutionGuid = {25764694-881D-455D-982B-12DAED39D93B}
	EndGlobalSection
EndGlobal
